
Microsoft Visual Studio Solution File, Format Version 12.00
# Visual Studio Version 17
Project("{8BC9CEB8-8B4A-11D0-8D11-00A0C91BC942}") = "ALL_BUILD", "ALL_BUILD.vcxproj", "{DEAFA787-45B9-33AF-86B1-BD5E72B7088B}"
	ProjectSection(ProjectDependencies) = postProject
		{AFD5C736-7636-3164-AC46-4E78EE9BA319} = {AFD5C736-7636-3164-AC46-4E78EE9BA319}
		{F5DDB57E-7C44-3EBF-A23F-641825E01640} = {F5DDB57E-7C44-3EBF-A23F-641825E01640}
	EndProjectSection
EndProject
Project("{8BC9CEB8-8B4A-11D0-8D11-00A0C91BC942}") = "VulkanRenderer", "VulkanRenderer.vcxproj", "{AFD5C736-7636-3164-AC46-4E78EE9BA319}"
	ProjectSection(ProjectDependencies) = postProject
		{F5DDB57E-7C44-3EBF-A23F-641825E01640} = {F5DDB57E-7C44-3EBF-A23F-641825E01640}
	EndProjectSection
EndProject
Project("{8BC9CEB8-8B4A-11D0-8D11-00A0C91BC942}") = "ZERO_CHECK", "ZERO_CHECK.vcxproj", "{F5DDB57E-7C44-3EBF-A23F-641825E01640}"
	ProjectSection(ProjectDependencies) = postProject
	EndProjectSection
EndProject
Global
	GlobalSection(SolutionConfigurationPlatforms) = preSolution
		Debug|x64 = Debug|x64
		Release|x64 = Release|x64
		MinSizeRel|x64 = MinSizeRel|x64
		RelWithDebInfo|x64 = RelWithDebInfo|x64
	EndGlobalSection
	GlobalSection(ProjectConfigurationPlatforms) = postSolution
		{DEAFA787-45B9-33AF-86B1-BD5E72B7088B}.Debug|x64.ActiveCfg = Debug|x64
		{DEAFA787-45B9-33AF-86B1-BD5E72B7088B}.Release|x64.ActiveCfg = Release|x64
		{DEAFA787-45B9-33AF-86B1-BD5E72B7088B}.MinSizeRel|x64.ActiveCfg = MinSizeRel|x64
		{DEAFA787-45B9-33AF-86B1-BD5E72B7088B}.RelWithDebInfo|x64.ActiveCfg = RelWithDebInfo|x64
		{AFD5C736-7636-3164-AC46-4E78EE9BA319}.Debug|x64.ActiveCfg = Debug|x64
		{AFD5C736-7636-3164-AC46-4E78EE9BA319}.Debug|x64.Build.0 = Debug|x64
		{AFD5C736-7636-3164-AC46-4E78EE9BA319}.Release|x64.ActiveCfg = Release|x64
		{AFD5C736-7636-3164-AC46-4E78EE9BA319}.Release|x64.Build.0 = Release|x64
		{AFD5C736-7636-3164-AC46-4E78EE9BA319}.MinSizeRel|x64.ActiveCfg = MinSizeRel|x64
		{AFD5C736-7636-3164-AC46-4E78EE9BA319}.MinSizeRel|x64.Build.0 = MinSizeRel|x64
		{AFD5C736-7636-3164-AC46-4E78EE9BA319}.RelWithDebInfo|x64.ActiveCfg = RelWithDebInfo|x64
		{AFD5C736-7636-3164-AC46-4E78EE9BA319}.RelWithDebInfo|x64.Build.0 = RelWithDebInfo|x64
		{F5DDB57E-7C44-3EBF-A23F-641825E01640}.Debug|x64.ActiveCfg = Debug|x64
		{F5DDB57E-7C44-3EBF-A23F-641825E01640}.Debug|x64.Build.0 = Debug|x64
		{F5DDB57E-7C44-3EBF-A23F-641825E01640}.Release|x64.ActiveCfg = Release|x64
		{F5DDB57E-7C44-3EBF-A23F-641825E01640}.Release|x64.Build.0 = Release|x64
		{F5DDB57E-7C44-3EBF-A23F-641825E01640}.MinSizeRel|x64.ActiveCfg = MinSizeRel|x64
		{F5DDB57E-7C44-3EBF-A23F-641825E01640}.MinSizeRel|x64.Build.0 = MinSizeRel|x64
		{F5DDB57E-7C44-3EBF-A23F-641825E01640}.RelWithDebInfo|x64.ActiveCfg = RelWithDebInfo|x64
		{F5DDB57E-7C44-3EBF-A23F-641825E01640}.RelWithDebInfo|x64.Build.0 = RelWithDebInfo|x64
	EndGlobalSection
	GlobalSection(ExtensibilityGlobals) = postSolution
		SolutionGuid = {3B8E6B85-15D0-354E-91F1-9934305EEB76}
	EndGlobalSection
	GlobalSection(ExtensibilityAddIns) = postSolution
	EndGlobalSection
EndGlobal
