<?xml version="1.0" encoding="utf-8"?>
<Project ToolsVersion="4.0" xmlns="http://schemas.microsoft.com/developer/msbuild/2003">
  <ItemGroup>
    <Filter Include="Source Files">
      <UniqueIdentifier>{4FC737F1-C7A5-4376-A066-2A32D752A2FF}</UniqueIdentifier>
      <Extensions>cpp;c;cc;cxx;c++;cppm;ixx;def;odl;idl;hpj;bat;asm;asmx</Extensions>
    </Filter>
    <Filter Include="Header Files">
      <UniqueIdentifier>{93995380-89BD-4b04-88EB-625FBE52EBFB}</UniqueIdentifier>
      <Extensions>h;hh;hpp;hxx;h++;hm;inl;inc;ipp;xsd</Extensions>
    </Filter>
    <Filter Include="Resource Files">
      <UniqueIdentifier>{67DA6AB6-F800-4c08-8B7A-83BB121AAD01}</UniqueIdentifier>
      <Extensions>rc;ico;cur;bmp;dlg;rc2;rct;bin;rgs;gif;jpg;jpeg;jpe;resx;tiff;tif;png;wav;mfcribbon-ms</Extensions>
    </Filter>
  </ItemGroup>
  <ItemGroup>
    <ClCompile Include="vulkan-tutorial.cpp">
      <Filter>Source Files</Filter>
    </ClCompile>
    <ClCompile Include="vkbootstrap\VkBootstrap.cpp">
      <Filter>Source Files</Filter>
    </ClCompile>
    <ClCompile Include="mikktspace.c">
      <Filter>Source Files</Filter>
    </ClCompile>
    <ClCompile Include="weldmesh.c">
      <Filter>Source Files</Filter>
    </ClCompile>
    <ClCompile Include="ImageLibraryImplementations.cpp">
      <Filter>Source Files</Filter>
    </ClCompile>
    <ClCompile Include="MeshLibraryImplementations.cpp">
      <Filter>Source Files</Filter>
    </ClCompile>
    <ClCompile Include="Code\General\FileCaching.cpp">
      <Filter>Source Files</Filter>
    </ClCompile>
    <ClCompile Include="Code\General\MemoryArena.cpp">
      <Filter>Source Files</Filter>
    </ClCompile>
    <ClCompile Include="Code\Renderer\bufferCreation.cpp">
      <Filter>Source Files</Filter>
    </ClCompile>
    <ClCompile Include="Code\Renderer\CommandPoolManager.cpp">
      <Filter>Source Files</Filter>
    </ClCompile>
    <ClCompile Include="Code\Renderer\MeshData.cpp">
      <Filter>Source Files</Filter>
    </ClCompile>
    <ClCompile Include="Code\Renderer\PipelineDataObject.cpp">
      <Filter>Source Files</Filter>
    </ClCompile>
    <ClCompile Include="Code\Renderer\Shaders\ShaderLoading.cpp">
      <Filter>Source Files</Filter>
    </ClCompile>
    <ClCompile Include="Code\Renderer\textureCreation.cpp">
      <Filter>Source Files</Filter>
    </ClCompile>
    <ClCompile Include="Code\Renderer\TextureData.cpp">
      <Filter>Source Files</Filter>
    </ClCompile>
    <ClCompile Include="Code\Renderer\Vertex.cpp">
      <Filter>Source Files</Filter>
    </ClCompile>
    <ClCompile Include="Code\Renderer\vulkan-utilities.cpp">
      <Filter>Source Files</Filter>
    </ClCompile>
    <ClCompile Include="Code\Renderer\VulkanIncludes\vmaImplementation.cpp">
      <Filter>Source Files</Filter>
    </ClCompile>
    <ClCompile Include="Code\Renderer\VulkanIncludes\VulkanMemory.cpp">
      <Filter>Source Files</Filter>
    </ClCompile>
    <ClCompile Include="Code\Renderer\vulkanRenderer.cpp">
      <Filter>Source Files</Filter>
    </ClCompile>
    <ClCompile Include="Code\Scene\SceneObjectData.cpp">
      <Filter>Source Files</Filter>
    </ClCompile>
  </ItemGroup>
  <ItemGroup>
    <ClInclude Include="vulkan-tutorial.h">
      <Filter>Header Files</Filter>
    </ClInclude>
    <ClInclude Include="vkbootstrap\VkBootstrap.h">
      <Filter>Header Files</Filter>
    </ClInclude>
    <ClInclude Include="vkbootstrap\VkBootstrapDispatch.h">
      <Filter>Header Files</Filter>
    </ClInclude>
    <ClInclude Include="mikktspace.h">
      <Filter>Header Files</Filter>
    </ClInclude>
    <ClInclude Include="tinygltf\stb_image.h">
      <Filter>Header Files</Filter>
    </ClInclude>
    <ClInclude Include="tinygltf\stb_image_write.h">
      <Filter>Header Files</Filter>
    </ClInclude>
    <ClInclude Include="tinygltf\tiny_gltf.h">
      <Filter>Header Files</Filter>
    </ClInclude>
    <ClInclude Include="weldmesh.h">
      <Filter>Header Files</Filter>
    </ClInclude>
    <ClInclude Include="ImageLibraryImplementations.h">
      <Filter>Header Files</Filter>
    </ClInclude>
    <ClInclude Include="MeshLibraryImplementations.h">
      <Filter>Header Files</Filter>
    </ClInclude>
    <ClInclude Include="Code\General\Array.h">
      <Filter>Header Files</Filter>
    </ClInclude>
    <ClInclude Include="Code\General\FileCaching.h">
      <Filter>Header Files</Filter>
    </ClInclude>
    <ClInclude Include="Code\General\MemoryArena.h">
      <Filter>Header Files</Filter>
    </ClInclude>
    <ClInclude Include="Code\Renderer\BufferAndPool.h">
      <Filter>Header Files</Filter>
    </ClInclude>
    <ClInclude Include="Code\Renderer\bufferCreation.h">
      <Filter>Header Files</Filter>
    </ClInclude>
    <ClInclude Include="Code\Renderer\CommandPoolManager.h">
      <Filter>Header Files</Filter>
    </ClInclude>
    <ClInclude Include="Code\Renderer\gpu-data-structs.h">
      <Filter>Header Files</Filter>
    </ClInclude>
    <ClInclude Include="Code\Renderer\MeshData.h">
      <Filter>Header Files</Filter>
    </ClInclude>
    <ClInclude Include="Code\Renderer\PipelineDataObject.h">
      <Filter>Header Files</Filter>
    </ClInclude>
    <ClInclude Include="Code\Renderer\rendererGlobals.h">
      <Filter>Header Files</Filter>
    </ClInclude>
    <ClInclude Include="Code\Renderer\RendererHandles.h">
      <Filter>Header Files</Filter>
    </ClInclude>
    <ClInclude Include="Code\Renderer\Shaders\ShaderLoading.h">
      <Filter>Header Files</Filter>
    </ClInclude>
    <ClInclude Include="Code\Renderer\textureCreation.h">
      <Filter>Header Files</Filter>
    </ClInclude>
    <ClInclude Include="Code\Renderer\TextureData.h">
      <Filter>Header Files</Filter>
    </ClInclude>
    <ClInclude Include="Code\Renderer\Vertex.h">
      <Filter>Header Files</Filter>
    </ClInclude>
    <ClInclude Include="Code\Renderer\vulkan-utilities.h">
      <Filter>Header Files</Filter>
    </ClInclude>
    <ClInclude Include="Code\Renderer\VulkanIncludes\forward-declarations-renderer.h">
      <Filter>Header Files</Filter>
    </ClInclude>
    <ClInclude Include="Code\Renderer\VulkanIncludes\vmaImplementation.h">
      <Filter>Header Files</Filter>
    </ClInclude>
    <ClInclude Include="Code\Renderer\VulkanIncludes\VulkanMemory.h">
      <Filter>Header Files</Filter>
    </ClInclude>
    <ClInclude Include="Code\Renderer\VulkanIncludes\Vulkan_Includes.h">
      <Filter>Header Files</Filter>
    </ClInclude>
    <ClInclude Include="Code\Renderer\vulkanRenderer.h">
      <Filter>Header Files</Filter>
    </ClInclude>
    <ClInclude Include="Code\Scene\SceneObjectData.h">
      <Filter>Header Files</Filter>
    </ClInclude>
  </ItemGroup>
  <ItemGroup>
    <None Include="Textures\**">
      <Filter>Resource Files</Filter>
    </None>
    <None Include="Textures\**">
      <Filter>Resource Files</Filter>
    </None>
    <None Include="Textures\**">
      <Filter>Resource Files</Filter>
    </None>
    <None Include="Textures\**">
      <Filter>Resource Files</Filter>
    </None>
    <None Include="Textures\**">
      <Filter>Resource Files</Filter>
    </None>
    <None Include="Textures\**">
      <Filter>Resource Files</Filter>
    </None>
    <None Include="Textures\**" />
    <None Include="Textures\**" />
    <None Include="Textures\**">
      <Filter>Resource Files</Filter>
    </None>
    <None Include="Textures\**" />
    <None Include="Textures\**" />
    <None Include="Textures\**" />
    <None Include="Textures\**" />
    <None Include="Textures\**" />
    <None Include="Textures\**" />
    <None Include="Textures\**" />
    <None Include="Textures\**" />
    <None Include="Textures\**">
      <Filter>Resource Files</Filter>
    </None>
    <None Include="Textures\**" />
    <None Include="Textures\**">
      <Filter>Resource Files</Filter>
    </None>
    <None Include="Textures\**">
      <Filter>Resource Files</Filter>
    </None>
    <None Include="Textures\**">
      <Filter>Resource Files</Filter>
    </None>
    <None Include="Textures\**" />
    <None Include="Textures\**" />
    <None Include="Textures\**">
      <Filter>Resource Files</Filter>
    </None>
    <None Include="Textures\**" />
    <None Include="Textures\**">
      <Filter>Resource Files</Filter>
    </None>
    <None Include="Textures\**">
      <Filter>Resource Files</Filter>
    </None>
    <None Include="Textures\**" />
    <None Include="Textures\**" />
    <None Include="Textures\**" />
    <None Include="Textures\**" />
    <None Include="Textures\**" />
    <None Include="Textures\**" />
    <None Include="Textures\**">
      <Filter>Resource Files</Filter>
    </None>
    <None Include="Textures\**" />
    <None Include="Textures\**">
      <Filter>Resource Files</Filter>
    </None>
    <None Include="Textures\**">
      <Filter>Resource Files</Filter>
    </None>
    <None Include="Textures\**">
      <Filter>Resource Files</Filter>
    </None>
    <None Include="Textures\**" />
    <None Include="Textures\**" />
    <None Include="Textures\**">
      <Filter>Resource Files</Filter>
    </None>
    <None Include="Textures\**" />
    <None Include="Textures\**">
      <Filter>Resource Files</Filter>
    </None>
    <None Include="Textures\**">
      <Filter>Resource Files</Filter>
    </None>
    <None Include="Textures\**" />
    <None Include="Textures\**" />
    <None Include="Textures\**" />
    <None Include="Textures\**" />
    <None Include="Textures\**" />
    <None Include="Textures\**" />
    <None Include="Textures\**">
      <Filter>Resource Files</Filter>
    </None>
    <None Include="Textures\**" />
    <None Include="Textures\**">
      <Filter>Resource Files</Filter>
    </None>
    <None Include="Textures\**">
      <Filter>Resource Files</Filter>
    </None>
    <None Include="Textures\**">
      <Filter>Resource Files</Filter>
    </None>
    <None Include="Textures\**" />
    <None Include="Textures\**" />
    <None Include="Textures\**">
      <Filter>Resource Files</Filter>
    </None>
    <None Include="Textures\**" />
    <None Include="Textures\**">
      <Filter>Resource Files</Filter>
    </None>
    <None Include="Textures\**">
      <Filter>Resource Files</Filter>
    </None>
    <None Include="Textures\**" />
    <None Include="Textures\**" />
    <None Include="Textures\**" />
    <None Include="Textures\**" />
    <None Include="Textures\**">
      <Filter>Resource Files</Filter>
    </None>
    <None Include="Textures\**">
      <Filter>Resource Files</Filter>
    </None>
    <None Include="Textures\**">
      <Filter>Resource Files</Filter>
    </None>
    <None Include="Textures\**">
      <Filter>Resource Files</Filter>
    </None>
    <None Include="Textures\**">
      <Filter>Resource Files</Filter>
    </None>
    <None Include="Textures\**">
      <Filter>Resource Files</Filter>
    </None>
    <None Include="Meshes\**" />
    <None Include="Meshes\**" />
    <None Include="Meshes\**" />
    <None Include="Meshes\**" />
    <None Include="Meshes\**" />
    <None Include="Meshes\**" />
    <None Include="Shaders\**" />
    <None Include="Shaders\**" />
    <None Include="Shaders\**" />
    <None Include="Shaders\**" />
    <None Include="Shaders\**" />
    <None Include="Shaders\**" />
    <None Include="Shaders\**" />
    <None Include="Shaders\**" />
    <None Include="Shaders\**" />
    <None Include="Shaders\**" />
    <None Include="Shaders\**" />
    <None Include="Shaders\**" />
    <None Include="Textures\**">
      <Filter>Resource Files</Filter>
    </None>
    <None Include="Textures\**">
      <Filter>Resource Files</Filter>
    </None>
    <None Include="Textures\**">
      <Filter>Resource Files</Filter>
    </None>
    <None Include="Textures\**">
      <Filter>Resource Files</Filter>
    </None>
    <None Include="Textures\**">
      <Filter>Resource Files</Filter>
    </None>
    <None Include="Textures\**" />
    <None Include="Textures\**">
      <Filter>Resource Files</Filter>
    </None>
    <None Include="Textures\**" />
    <None Include="Textures\**" />
    <None Include="Textures\**" />
    <None Include="Textures\**" />
    <None Include="Textures\**" />
    <None Include="Textures\**" />
    <None Include="Textures\**" />
    <None Include="Textures\**">
      <Filter>Resource Files</Filter>
    </None>
    <None Include="Textures\**" />
    <None Include="Textures\**">
      <Filter>Resource Files</Filter>
    </None>
    <None Include="Textures\**">
      <Filter>Resource Files</Filter>
    </None>
    <None Include="Textures\**">
      <Filter>Resource Files</Filter>
    </None>
    <None Include="Textures\**" />
    <None Include="Textures\**">
      <Filter>Resource Files</Filter>
    </None>
    <None Include="Textures\**" />
    <None Include="Textures\**">
      <Filter>Resource Files</Filter>
    </None>
    <None Include="Textures\**">
      <Filter>Resource Files</Filter>
    </None>
    <None Include="Textures\**" />
    <None Include="Textures\**" />
    <None Include="Textures\**" />
    <None Include="Textures\**" />
    <None Include="Textures\**">
      <Filter>Resource Files</Filter>
    </None>
    <None Include="Textures\**" />
    <None Include="Textures\**">
      <Filter>Resource Files</Filter>
    </None>
    <None Include="Textures\**">
      <Filter>Resource Files</Filter>
    </None>
    <None Include="Textures\**">
      <Filter>Resource Files</Filter>
    </None>
    <None Include="Textures\**" />
    <None Include="Textures\**">
      <Filter>Resource Files</Filter>
    </None>
    <None Include="Textures\**" />
    <None Include="Textures\**">
      <Filter>Resource Files</Filter>
    </None>
    <None Include="Textures\**">
      <Filter>Resource Files</Filter>
    </None>
    <None Include="Textures\**" />
    <None Include="Textures\**" />
    <None Include="Textures\**" />
    <None Include="Textures\**" />
    <None Include="Textures\**">
      <Filter>Resource Files</Filter>
    </None>
    <None Include="Textures\**" />
    <None Include="Textures\**">
      <Filter>Resource Files</Filter>
    </None>
    <None Include="Textures\**">
      <Filter>Resource Files</Filter>
    </None>
    <None Include="Textures\**">
      <Filter>Resource Files</Filter>
    </None>
    <None Include="Textures\**" />
    <None Include="Textures\**">
      <Filter>Resource Files</Filter>
    </None>
    <None Include="Textures\**" />
    <None Include="Textures\**">
      <Filter>Resource Files</Filter>
    </None>
    <None Include="Textures\**">
      <Filter>Resource Files</Filter>
    </None>
    <None Include="Textures\**" />
    <None Include="Textures\**" />
    <None Include="Textures\**" />
    <None Include="Textures\**">
      <Filter>Resource Files</Filter>
    </None>
    <None Include="Textures\**">
      <Filter>Resource Files</Filter>
    </None>
    <None Include="Textures\**">
      <Filter>Resource Files</Filter>
    </None>
    <None Include="Textures\**">
      <Filter>Resource Files</Filter>
    </None>
    <None Include="Textures\**">
      <Filter>Resource Files</Filter>
    </None>
    <None Include="Textures\**">
      <Filter>Resource Files</Filter>
    </None>
    <None Include="Meshes\**" />
    <None Include="Meshes\**" />
    <None Include="Meshes\**" />
    <None Include="Meshes\**" />
    <None Include="Meshes\**" />
    <None Include="Shaders\**" />
    <None Include="Shaders\**" />
    <None Include="Shaders\**" />
    <None Include="Shaders\**" />
    <None Include="Shaders\**" />
    <None Include="Shaders\**" />
    <None Include="Shaders\**" />
    <None Include="Shaders\**" />
    <None Include="Shaders\**" />
    <None Include="Shaders\**" />
    <None Include="Shaders\**" />
    <None Include="Shaders\**" />
    <None Include="Shaders\**" />
    <None Include="Shaders\**" />
    <None Include="Shaders\**" />
    <None Include="Shaders\**" />
    <None Include="Textures\**">
      <Filter>Resource Files</Filter>
    </None>
    <None Include="Textures\**">
      <Filter>Resource Files</Filter>
    </None>
    <None Include="Textures\**">
      <Filter>Resource Files</Filter>
    </None>
    <None Include="Textures\**">
      <Filter>Resource Files</Filter>
    </None>
    <None Include="Textures\**">
      <Filter>Resource Files</Filter>
    </None>
    <None Include="Textures\**" />
    <None Include="Textures\**">
      <Filter>Resource Files</Filter>
    </None>
    <None Include="Textures\**" />
    <None Include="Textures\**" />
    <None Include="Textures\**" />
    <None Include="Textures\**" />
    <None Include="Textures\**" />
    <None Include="Textures\**" />
    <None Include="Textures\**" />
    <None Include="Textures\**">
      <Filter>Resource Files</Filter>
    </None>
    <None Include="Textures\**" />
    <None Include="Textures\**">
      <Filter>Resource Files</Filter>
    </None>
    <None Include="Textures\**">
      <Filter>Resource Files</Filter>
    </None>
    <None Include="Textures\**">
      <Filter>Resource Files</Filter>
    </None>
    <None Include="Textures\**" />
    <None Include="Textures\**">
      <Filter>Resource Files</Filter>
    </None>
    <None Include="Textures\**" />
    <None Include="Textures\**">
      <Filter>Resource Files</Filter>
    </None>
    <None Include="Textures\**">
      <Filter>Resource Files</Filter>
    </None>
    <None Include="Textures\**" />
    <None Include="Textures\**" />
    <None Include="Textures\**" />
    <None Include="Textures\**" />
    <None Include="Textures\**">
      <Filter>Resource Files</Filter>
    </None>
    <None Include="Textures\**" />
    <None Include="Textures\**">
      <Filter>Resource Files</Filter>
    </None>
    <None Include="Textures\**">
      <Filter>Resource Files</Filter>
    </None>
    <None Include="Textures\**">
      <Filter>Resource Files</Filter>
    </None>
    <None Include="Textures\**" />
    <None Include="Textures\**">
      <Filter>Resource Files</Filter>
    </None>
    <None Include="Textures\**" />
    <None Include="Textures\**">
      <Filter>Resource Files</Filter>
    </None>
    <None Include="Textures\**">
      <Filter>Resource Files</Filter>
    </None>
    <None Include="Textures\**" />
    <None Include="Textures\**" />
    <None Include="Textures\**" />
    <None Include="Textures\**" />
    <None Include="Textures\**">
      <Filter>Resource Files</Filter>
    </None>
    <None Include="Textures\**" />
    <None Include="Textures\**">
      <Filter>Resource Files</Filter>
    </None>
    <None Include="Textures\**">
      <Filter>Resource Files</Filter>
    </None>
    <None Include="Textures\**">
      <Filter>Resource Files</Filter>
    </None>
    <None Include="Textures\**" />
    <None Include="Textures\**">
      <Filter>Resource Files</Filter>
    </None>
    <None Include="Textures\**" />
    <None Include="Textures\**">
      <Filter>Resource Files</Filter>
    </None>
    <None Include="Textures\**">
      <Filter>Resource Files</Filter>
    </None>
    <None Include="Textures\**" />
    <None Include="Textures\**" />
    <None Include="Textures\**" />
    <None Include="Textures\**">
      <Filter>Resource Files</Filter>
    </None>
    <None Include="Textures\**">
      <Filter>Resource Files</Filter>
    </None>
    <None Include="Textures\**">
      <Filter>Resource Files</Filter>
    </None>
    <None Include="Textures\**">
      <Filter>Resource Files</Filter>
    </None>
    <None Include="Textures\**">
      <Filter>Resource Files</Filter>
    </None>
    <None Include="Textures\**">
      <Filter>Resource Files</Filter>
    </None>
    <None Include="Meshes\**" />
    <None Include="Meshes\**" />
    <None Include="Meshes\**" />
    <None Include="Meshes\**" />
    <None Include="Meshes\**" />
    <None Include="Meshes\**" />
    <None Include="Shaders\**" />
    <None Include="Shaders\**" />
    <None Include="Shaders\**" />
    <None Include="Shaders\**" />
    <None Include="Shaders\**" />
    <None Include="Shaders\**" />
    <None Include="Shaders\**" />
    <None Include="Shaders\**" />
    <None Include="Shaders\**" />
    <None Include="Shaders\**" />
    <None Include="Shaders\**" />
    <None Include="Shaders\**" />
    <None Include="Shaders\**" />
    <None Include="Shaders\**" />
    <None Include="Shaders\**" />
    <None Include="Shaders\**" />
    <None Include="Shaders\**" />
    <None Include="Shaders\**" />
    <None Include="Shaders\**" />
    <None Include="Shaders\**" />
    <None Include="Shaders\**" />
    <None Include="Shaders\**" />
    <None Include="Shaders\**" />
    <None Include="Shaders\**" />
    <None Include="Shaders\**" />
    <None Include="Shaders\**" />
  </ItemGroup>
</Project>