<?xml version="1.0" encoding="utf-8"?>
<Project ToolsVersion="17.0" xmlns="http://schemas.microsoft.com/developer/msbuild/2003">
  <ItemGroup>
    <CustomBuild Include="C:\Users\supsu\Documents\vulkan-tutorial\CMakeFiles\b892e697a7b8f8a1ecda26959784399d\generate.stamp.rule">
      <Filter>CMake Rules</Filter>
    </CustomBuild>
  </ItemGroup>
  <ItemGroup>
    <Filter Include="CMake Rules">
      <UniqueIdentifier>{37C69E55-6A72-360B-A13D-0BCD1B3B7981}</UniqueIdentifier>
    </Filter>
  </ItemGroup>
</Project>
